
Microsoft Visual Studio Solution File, Format Version 12.00
# Visual Studio Version 16
VisualStudioVersion = 16.0.31205.134
MinimumVisualStudioVersion = 10.0.40219.1
Project("{FAE04EC0-301F-11D3-BF4B-00C04F79EFBC}") = "Chrome_password", "Chrome_password\Chrome_password.csproj", "{33D6AD56-6BA2-437F-9BFE-131F609EEB11}"
EndProject
Global
	GlobalSection(SolutionConfigurationPlatforms) = preSolution
		Debug|Any CPU = Debug|Any CPU
		Debug|x86 = Debug|x86
		Release|Any CPU = Release|Any CPU
		Release|x86 = Release|x86
	EndGlobalSection
	GlobalSection(ProjectConfigurationPlatforms) = postSolution
		{33D6AD56-6BA2-437F-9BFE-131F609EEB11}.Debug|Any CPU.ActiveCfg = Debug|Any CPU
		{33D6AD56-6BA2-437F-9BFE-131F609EEB11}.Debug|Any CPU.Build.0 = Debug|Any CPU
		{33D6AD56-6BA2-437F-9BFE-131F609EEB11}.Debug|x86.ActiveCfg = Release|x86
		{33D6AD56-6BA2-437F-9BFE-131F609EEB11}.Debug|x86.Build.0 = Release|x86
		{33D6AD56-6BA2-437F-9BFE-131F609EEB11}.Release|Any CPU.ActiveCfg = Release|Any CPU
		{33D6AD56-6BA2-437F-9BFE-131F609EEB11}.Release|Any CPU.Build.0 = Release|Any CPU
		{33D6AD56-6BA2-437F-9BFE-131F609EEB11}.Release|x86.ActiveCfg = Release|x86
		{33D6AD56-6BA2-437F-9BFE-131F609EEB11}.Release|x86.Build.0 = Release|x86
	EndGlobalSection
	GlobalSection(SolutionProperties) = preSolution
		HideSolutionNode = FALSE
	EndGlobalSection
	GlobalSection(ExtensibilityGlobals) = postSolution
		SolutionGuid = {8BDF9FF6-5244-424F-AEDF-CE3846377CED}
	EndGlobalSection
EndGlobal
